
Microsoft Visual Studio Solution File, Format Version 10.00
# Visual Studio 2008
Project("{FAE04EC0-301F-11D3-BF4B-00C04F79EFBC}") = "KORMapper", "MtrSclTs8DataMapper\KORMapper.csproj", "{F39E1F12-FB97-4132-AB0E-FCEAE769CED2}"
EndProject
Project("{FAE04EC0-301F-11D3-BF4B-00C04F79EFBC}") = "TestApp", "TestApp\TestApp.csproj", "{FBB179CB-EAD9-47E0-BC3B-C4E06B2BA726}"
EndProject
Global
	GlobalSection(SolutionConfigurationPlatforms) = preSolution
		Debug|Any CPU = Debug|Any CPU
		Release|Any CPU = Release|Any CPU
	EndGlobalSection
	GlobalSection(ProjectConfigurationPlatforms) = postSolution
		{F39E1F12-FB97-4132-AB0E-FCEAE769CED2}.Debug|Any CPU.ActiveCfg = Debug|Any CPU
		{F39E1F12-FB97-4132-AB0E-FCEAE769CED2}.Debug|Any CPU.Build.0 = Debug|Any CPU
		{F39E1F12-FB97-4132-AB0E-FCEAE769CED2}.Release|Any CPU.ActiveCfg = Release|Any CPU
		{F39E1F12-FB97-4132-AB0E-FCEAE769CED2}.Release|Any CPU.Build.0 = Release|Any CPU
		{FBB179CB-EAD9-47E0-BC3B-C4E06B2BA726}.Debug|Any CPU.ActiveCfg = Debug|Any CPU
		{FBB179CB-EAD9-47E0-BC3B-C4E06B2BA726}.Debug|Any CPU.Build.0 = Debug|Any CPU
		{FBB179CB-EAD9-47E0-BC3B-C4E06B2BA726}.Release|Any CPU.ActiveCfg = Release|Any CPU
		{FBB179CB-EAD9-47E0-BC3B-C4E06B2BA726}.Release|Any CPU.Build.0 = Release|Any CPU
	EndGlobalSection
	GlobalSection(SolutionProperties) = preSolution
		HideSolutionNode = FALSE
	EndGlobalSection
EndGlobal
