
Microsoft Visual Studio Solution File, Format Version 12.00
# Visual Studio 2012
Project("{FAE04EC0-301F-11D3-BF4B-00C04F79EFBC}") = "KORMapper", "KORMapper\KORMapper.csproj", "{72284022-82F9-4E3E-8947-4CB49C932958}"
EndProject
Project("{FAE04EC0-301F-11D3-BF4B-00C04F79EFBC}") = "TestConsoleAp", "TestConsoleAp\TestConsoleAp.csproj", "{FE268C17-D055-46F2-89AD-D38D50EFA9A1}"
EndProject
Global
	GlobalSection(SolutionConfigurationPlatforms) = preSolution
		Debug|Any CPU = Debug|Any CPU
		Release|Any CPU = Release|Any CPU
	EndGlobalSection
	GlobalSection(ProjectConfigurationPlatforms) = postSolution
		{72284022-82F9-4E3E-8947-4CB49C932958}.Debug|Any CPU.ActiveCfg = Debug|Any CPU
		{72284022-82F9-4E3E-8947-4CB49C932958}.Debug|Any CPU.Build.0 = Debug|Any CPU
		{72284022-82F9-4E3E-8947-4CB49C932958}.Release|Any CPU.ActiveCfg = Release|Any CPU
		{72284022-82F9-4E3E-8947-4CB49C932958}.Release|Any CPU.Build.0 = Release|Any CPU
		{FE268C17-D055-46F2-89AD-D38D50EFA9A1}.Debug|Any CPU.ActiveCfg = Debug|Any CPU
		{FE268C17-D055-46F2-89AD-D38D50EFA9A1}.Debug|Any CPU.Build.0 = Debug|Any CPU
		{FE268C17-D055-46F2-89AD-D38D50EFA9A1}.Release|Any CPU.ActiveCfg = Release|Any CPU
		{FE268C17-D055-46F2-89AD-D38D50EFA9A1}.Release|Any CPU.Build.0 = Release|Any CPU
	EndGlobalSection
	GlobalSection(SolutionProperties) = preSolution
		HideSolutionNode = FALSE
	EndGlobalSection
EndGlobal
